
Microsoft Visual Studio Solution File, Format Version 12.00
# Visual Studio Version 17
VisualStudioVersion = 17.3.32922.545
MinimumVisualStudioVersion = 10.0.40219.1
Project("{FAE04EC0-301F-11D3-BF4B-00C04F79EFBC}") = "Operatorok", "Operatorok\Operatorok.csproj", "{43C3A2D9-A130-46AD-8FEB-CB9E376FA8B7}"
EndProject
Global
	GlobalSection(SolutionConfigurationPlatforms) = preSolution
		Debug|Any CPU = Debug|Any CPU
		Release|Any CPU = Release|Any CPU
	EndGlobalSection
	GlobalSection(ProjectConfigurationPlatforms) = postSolution
		{43C3A2D9-A130-46AD-8FEB-CB9E376FA8B7}.Debug|Any CPU.ActiveCfg = Debug|Any CPU
		{43C3A2D9-A130-46AD-8FEB-CB9E376FA8B7}.Debug|Any CPU.Build.0 = Debug|Any CPU
		{43C3A2D9-A130-46AD-8FEB-CB9E376FA8B7}.Release|Any CPU.ActiveCfg = Release|Any CPU
		{43C3A2D9-A130-46AD-8FEB-CB9E376FA8B7}.Release|Any CPU.Build.0 = Release|Any CPU
	EndGlobalSection
	GlobalSection(SolutionProperties) = preSolution
		HideSolutionNode = FALSE
	EndGlobalSection
	GlobalSection(ExtensibilityGlobals) = postSolution
		SolutionGuid = {513233BD-3063-4FEA-917E-59FE5C1EBA23}
	EndGlobalSection
EndGlobal
